
Microsoft Visual Studio Solution File, Format Version 12.00
# Visual Studio 15
VisualStudioVersion = 15.0.26124.0
MinimumVisualStudioVersion = 15.0.26124.0
Project("{FAE04EC0-301F-11D3-BF4B-00C04F79EFBC}") = "Domain", "Domain\Domain.csproj", "{00448365-F062-43C6-9F1A-BC7C50B2B603}"
EndProject
Project("{FAE04EC0-301F-11D3-BF4B-00C04F79EFBC}") = "Application", "Application\Application.csproj", "{F2F497D2-5E18-4739-B645-DD30F36693FB}"
EndProject
Project("{FAE04EC0-301F-11D3-BF4B-00C04F79EFBC}") = "Persistence", "Persistence\Persistence.csproj", "{A495E19C-A5F5-4781-90A2-6109A30F5BC8}"
EndProject
Project("{FAE04EC0-301F-11D3-BF4B-00C04F79EFBC}") = "API", "API\API.csproj", "{7D0A27DB-AA9E-427A-9003-64A4533E4C0D}"
EndProject
Project("{FAE04EC0-301F-11D3-BF4B-00C04F79EFBC}") = "MessagePublish", "MessagePublish\MessagePublish.csproj", "{72D2BD00-30B2-4D5A-9E6E-07C66427F90D}"
EndProject
Global
	GlobalSection(SolutionConfigurationPlatforms) = preSolution
		Debug|Any CPU = Debug|Any CPU
		Debug|x64 = Debug|x64
		Debug|x86 = Debug|x86
		Release|Any CPU = Release|Any CPU
		Release|x64 = Release|x64
		Release|x86 = Release|x86
	EndGlobalSection
	GlobalSection(SolutionProperties) = preSolution
		HideSolutionNode = FALSE
	EndGlobalSection
	GlobalSection(ProjectConfigurationPlatforms) = postSolution
		{00448365-F062-43C6-9F1A-BC7C50B2B603}.Debug|Any CPU.ActiveCfg = Debug|Any CPU
		{00448365-F062-43C6-9F1A-BC7C50B2B603}.Debug|Any CPU.Build.0 = Debug|Any CPU
		{00448365-F062-43C6-9F1A-BC7C50B2B603}.Debug|x64.ActiveCfg = Debug|Any CPU
		{00448365-F062-43C6-9F1A-BC7C50B2B603}.Debug|x64.Build.0 = Debug|Any CPU
		{00448365-F062-43C6-9F1A-BC7C50B2B603}.Debug|x86.ActiveCfg = Debug|Any CPU
		{00448365-F062-43C6-9F1A-BC7C50B2B603}.Debug|x86.Build.0 = Debug|Any CPU
		{00448365-F062-43C6-9F1A-BC7C50B2B603}.Release|Any CPU.ActiveCfg = Release|Any CPU
		{00448365-F062-43C6-9F1A-BC7C50B2B603}.Release|Any CPU.Build.0 = Release|Any CPU
		{00448365-F062-43C6-9F1A-BC7C50B2B603}.Release|x64.ActiveCfg = Release|Any CPU
		{00448365-F062-43C6-9F1A-BC7C50B2B603}.Release|x64.Build.0 = Release|Any CPU
		{00448365-F062-43C6-9F1A-BC7C50B2B603}.Release|x86.ActiveCfg = Release|Any CPU
		{00448365-F062-43C6-9F1A-BC7C50B2B603}.Release|x86.Build.0 = Release|Any CPU
		{F2F497D2-5E18-4739-B645-DD30F36693FB}.Debug|Any CPU.ActiveCfg = Debug|Any CPU
		{F2F497D2-5E18-4739-B645-DD30F36693FB}.Debug|Any CPU.Build.0 = Debug|Any CPU
		{F2F497D2-5E18-4739-B645-DD30F36693FB}.Debug|x64.ActiveCfg = Debug|Any CPU
		{F2F497D2-5E18-4739-B645-DD30F36693FB}.Debug|x64.Build.0 = Debug|Any CPU
		{F2F497D2-5E18-4739-B645-DD30F36693FB}.Debug|x86.ActiveCfg = Debug|Any CPU
		{F2F497D2-5E18-4739-B645-DD30F36693FB}.Debug|x86.Build.0 = Debug|Any CPU
		{F2F497D2-5E18-4739-B645-DD30F36693FB}.Release|Any CPU.ActiveCfg = Release|Any CPU
		{F2F497D2-5E18-4739-B645-DD30F36693FB}.Release|Any CPU.Build.0 = Release|Any CPU
		{F2F497D2-5E18-4739-B645-DD30F36693FB}.Release|x64.ActiveCfg = Release|Any CPU
		{F2F497D2-5E18-4739-B645-DD30F36693FB}.Release|x64.Build.0 = Release|Any CPU
		{F2F497D2-5E18-4739-B645-DD30F36693FB}.Release|x86.ActiveCfg = Release|Any CPU
		{F2F497D2-5E18-4739-B645-DD30F36693FB}.Release|x86.Build.0 = Release|Any CPU
		{A495E19C-A5F5-4781-90A2-6109A30F5BC8}.Debug|Any CPU.ActiveCfg = Debug|Any CPU
		{A495E19C-A5F5-4781-90A2-6109A30F5BC8}.Debug|Any CPU.Build.0 = Debug|Any CPU
		{A495E19C-A5F5-4781-90A2-6109A30F5BC8}.Debug|x64.ActiveCfg = Debug|Any CPU
		{A495E19C-A5F5-4781-90A2-6109A30F5BC8}.Debug|x64.Build.0 = Debug|Any CPU
		{A495E19C-A5F5-4781-90A2-6109A30F5BC8}.Debug|x86.ActiveCfg = Debug|Any CPU
		{A495E19C-A5F5-4781-90A2-6109A30F5BC8}.Debug|x86.Build.0 = Debug|Any CPU
		{A495E19C-A5F5-4781-90A2-6109A30F5BC8}.Release|Any CPU.ActiveCfg = Release|Any CPU
		{A495E19C-A5F5-4781-90A2-6109A30F5BC8}.Release|Any CPU.Build.0 = Release|Any CPU
		{A495E19C-A5F5-4781-90A2-6109A30F5BC8}.Release|x64.ActiveCfg = Release|Any CPU
		{A495E19C-A5F5-4781-90A2-6109A30F5BC8}.Release|x64.Build.0 = Release|Any CPU
		{A495E19C-A5F5-4781-90A2-6109A30F5BC8}.Release|x86.ActiveCfg = Release|Any CPU
		{A495E19C-A5F5-4781-90A2-6109A30F5BC8}.Release|x86.Build.0 = Release|Any CPU
		{7D0A27DB-AA9E-427A-9003-64A4533E4C0D}.Debug|Any CPU.ActiveCfg = Debug|Any CPU
		{7D0A27DB-AA9E-427A-9003-64A4533E4C0D}.Debug|Any CPU.Build.0 = Debug|Any CPU
		{7D0A27DB-AA9E-427A-9003-64A4533E4C0D}.Debug|x64.ActiveCfg = Debug|Any CPU
		{7D0A27DB-AA9E-427A-9003-64A4533E4C0D}.Debug|x64.Build.0 = Debug|Any CPU
		{7D0A27DB-AA9E-427A-9003-64A4533E4C0D}.Debug|x86.ActiveCfg = Debug|Any CPU
		{7D0A27DB-AA9E-427A-9003-64A4533E4C0D}.Debug|x86.Build.0 = Debug|Any CPU
		{7D0A27DB-AA9E-427A-9003-64A4533E4C0D}.Release|Any CPU.ActiveCfg = Release|Any CPU
		{7D0A27DB-AA9E-427A-9003-64A4533E4C0D}.Release|Any CPU.Build.0 = Release|Any CPU
		{7D0A27DB-AA9E-427A-9003-64A4533E4C0D}.Release|x64.ActiveCfg = Release|Any CPU
		{7D0A27DB-AA9E-427A-9003-64A4533E4C0D}.Release|x64.Build.0 = Release|Any CPU
		{7D0A27DB-AA9E-427A-9003-64A4533E4C0D}.Release|x86.ActiveCfg = Release|Any CPU
		{7D0A27DB-AA9E-427A-9003-64A4533E4C0D}.Release|x86.Build.0 = Release|Any CPU
		{72D2BD00-30B2-4D5A-9E6E-07C66427F90D}.Debug|Any CPU.ActiveCfg = Debug|Any CPU
		{72D2BD00-30B2-4D5A-9E6E-07C66427F90D}.Debug|Any CPU.Build.0 = Debug|Any CPU
		{72D2BD00-30B2-4D5A-9E6E-07C66427F90D}.Debug|x64.ActiveCfg = Debug|Any CPU
		{72D2BD00-30B2-4D5A-9E6E-07C66427F90D}.Debug|x64.Build.0 = Debug|Any CPU
		{72D2BD00-30B2-4D5A-9E6E-07C66427F90D}.Debug|x86.ActiveCfg = Debug|Any CPU
		{72D2BD00-30B2-4D5A-9E6E-07C66427F90D}.Debug|x86.Build.0 = Debug|Any CPU
		{72D2BD00-30B2-4D5A-9E6E-07C66427F90D}.Release|Any CPU.ActiveCfg = Release|Any CPU
		{72D2BD00-30B2-4D5A-9E6E-07C66427F90D}.Release|Any CPU.Build.0 = Release|Any CPU
		{72D2BD00-30B2-4D5A-9E6E-07C66427F90D}.Release|x64.ActiveCfg = Release|Any CPU
		{72D2BD00-30B2-4D5A-9E6E-07C66427F90D}.Release|x64.Build.0 = Release|Any CPU
		{72D2BD00-30B2-4D5A-9E6E-07C66427F90D}.Release|x86.ActiveCfg = Release|Any CPU
		{72D2BD00-30B2-4D5A-9E6E-07C66427F90D}.Release|x86.Build.0 = Release|Any CPU
	EndGlobalSection
EndGlobal
